hash: 61e7b69f2e8959377dbac6e6ca74f3e625fe414f3e99d435d9d39a874dca2129
updated: 2017-01-24T15:16:56.00744993-05:00
imports:
- name: github.com/davecgh/go-spew
  version: 346938d642f2ec3594ed81d874461961cd0faa76
  subpackages:
  - spew
- name: github.com/inconshreveable/mousetrap
  version: 76626ae9c91c4f2a10f34cad8ce83ea42c93bb75
- name: github.com/pkg/errors
  version: 645ef00459ed84a119197bfb8d8205042c6df63d
- name: github.com/spf13/cobra
  version: dc208f4211e7f6df7ec8cb62640f57d3e154910d
- name: github.com/spf13/pflag
  version: a232f6d9f87afaaa08bafaff5da685f974b83313
testImports: []
